// !$*UTF8*$!
{
	archiveVersion = 1;
	classes = {
	};
	objectVersion = 46;
	objects = {

/* Begin PBXBuildFile section */
		0A4DA1F11918B641005ED89E /* Foundation.framework in Frameworks */ = {isa = PBXBuildFile; fileRef = 0A4DA1F01918B641005ED89E /* Foundation.framework */; };
		0A4DA1F31918B641005ED89E /* CoreGraphics.framework in Frameworks */ = {isa = PBXBuildFile; fileRef = 0A4DA1F21918B641005ED89E /* CoreGraphics.framework */; };
		0A4DA1F51918B641005ED89E /* UIKit.framework in Frameworks */ = {isa = PBXBuildFile; fileRef = 0A4DA1F41918B641005ED89E /* UIKit.framework */; };
		0A4DA1FB1918B641005ED89E /* InfoPlist.strings in Resources */ = {isa = PBXBuildFile; fileRef = 0A4DA1F91918B641005ED89E /* InfoPlist.strings */; };
		0A4DA1FD1918B641005ED89E /* main.m in Sources */ = {isa = PBXBuildFile; fileRef = 0A4DA1FC1918B641005ED89E /* main.m */; };
		0A4DA2011918B641005ED89E /* IVYAppDelegate.m in Sources */ = {isa = PBXBuildFile; fileRef = 0A4DA2001918B641005ED89E /* IVYAppDelegate.m */; };
		0A4DA2031918B641005ED89E /* Images.xcassets in Resources */ = {isa = PBXBuildFile; fileRef = 0A4DA2021918B641005ED89E /* Images.xcassets */; };
		0A4DA20A1918B641005ED89E /* XCTest.framework in Frameworks */ = {isa = PBXBuildFile; fileRef = 0A4DA2091918B641005ED89E /* XCTest.framework */; };
		0A4DA20B1918B641005ED89E /* Foundation.framework in Frameworks */ = {isa = PBXBuildFile; fileRef = 0A4DA1F01918B641005ED89E /* Foundation.framework */; };
		0A4DA20C1918B641005ED89E /* UIKit.framework in Frameworks */ = {isa = PBXBuildFile; fileRef = 0A4DA1F41918B641005ED89E /* UIKit.framework */; };
		0A4DA2141918B641005ED89E /* InfoPlist.strings in Resources */ = {isa = PBXBuildFile; fileRef = 0A4DA2121918B641005ED89E /* InfoPlist.strings */; };
		0A4DA2161918B641005ED89E /* IVYImageFiltersTests.m in Sources */ = {isa = PBXBuildFile; fileRef = 0A4DA2151918B641005ED89E /* IVYImageFiltersTests.m */; };
/* End PBXBuildFile section */

/* Begin PBXContainerItemProxy section */
		0A4DA20D1918B641005ED89E /* PBXContainerItemProxy */ = {
			isa = PBXContainerItemProxy;
			containerPortal = 0A4DA1E51918B641005ED89E /* Project object */;
			proxyType = 1;
			remoteGlobalIDString = 0A4DA1EC1918B641005ED89E;
			remoteInfo = IVYImageFilters;
		};
/* End PBXContainerItemProxy section */

/* Begin PBXFileReference section */
		0A4DA1ED1918B641005ED89E /* IVYImageFilters.app */ = {isa = PBXFileReference; explicitFileType = wrapper.application; includeInIndex = 0; path = IVYImageFilters.app; sourceTree = BUILT_PRODUCTS_DIR; };
		0A4DA1F01918B641005ED89E /* Foundation.framework */ = {isa = PBXFileReference; lastKnownFileType = wrapper.framework; name = Foundation.framework; path = System/Library/Frameworks/Foundation.framework; sourceTree = SDKROOT; };
		0A4DA1F21918B641005ED89E /* CoreGraphics.framework */ = {isa = PBXFileReference; lastKnownFileType = wrapper.framework; name = CoreGraphics.framework; path = System/Library/Frameworks/CoreGraphics.framework; sourceTree = SDKROOT; };
		0A4DA1F41918B641005ED89E /* UIKit.framework */ = {isa = PBXFileReference; lastKnownFileType = wrapper.framework; name = UIKit.framework; path = System/Library/Frameworks/UIKit.framework; sourceTree = SDKROOT; };
		0A4DA1F81918B641005ED89E /* IVYImageFilters-Info.plist */ = {isa = PBXFileReference; lastKnownFileType = text.plist.xml; path = "IVYImageFilters-Info.plist"; sourceTree = "<group>"; };
		0A4DA1FA1918B641005ED89E /* en */ = {isa = PBXFileReference; lastKnownFileType = text.plist.strings; name = en; path = en.lproj/InfoPlist.strings; sourceTree = "<group>"; };
		0A4DA1FC1918B641005ED89E /* main.m */ = {isa = PBXFileReference; lastKnownFileType = sourcecode.c.objc; path = main.m; sourceTree = "<group>"; };
		0A4DA1FE1918B641005ED89E /* IVYImageFilters-Prefix.pch */ = {isa = PBXFileReference; lastKnownFileType = sourcecode.c.h; path = "IVYImageFilters-Prefix.pch"; sourceTree = "<group>"; };
		0A4DA1FF1918B641005ED89E /* IVYAppDelegate.h */ = {isa = PBXFileReference; lastKnownFileType = sourcecode.c.h; path = IVYAppDelegate.h; sourceTree = "<group>"; };
		0A4DA2001918B641005ED89E /* IVYAppDelegate.m */ = {isa = PBXFileReference; lastKnownFileType = sourcecode.c.objc; path = IVYAppDelegate.m; sourceTree = "<group>"; };
		0A4DA2021918B641005ED89E /* Images.xcassets */ = {isa = PBXFileReference; lastKnownFileType = folder.assetcatalog; path = Images.xcassets; sourceTree = "<group>"; };
		0A4DA2081918B641005ED89E /* IVYImageFiltersTests.xctest */ = {isa = PBXFileReference; explicitFileType = wrapper.cfbundle; includeInIndex = 0; path = IVYImageFiltersTests.xctest; sourceTree = BUILT_PRODUCTS_DIR; };
		0A4DA2091918B641005ED89E /* XCTest.framework */ = {isa = PBXFileReference; lastKnownFileType = wrapper.framework; name = XCTest.framework; path = Library/Frameworks/XCTest.framework; sourceTree = DEVELOPER_DIR; };
		0A4DA2111918B641005ED89E /* IVYImageFiltersTests-Info.plist */ = {isa = PBXFileReference; lastKnownFileType = text.plist.xml; path = "IVYImageFiltersTests-Info.plist"; sourceTree = "<group>"; };
		0A4DA2131918B641005ED89E /* en */ = {isa = PBXFileReference; lastKnownFileType = text.plist.strings; name = en; path = en.lproj/InfoPlist.strings; sourceTree = "<group>"; };
		0A4DA2151918B641005ED89E /* IVYImageFiltersTests.m */ = {isa = PBXFileReference; lastKnownFileType = sourcecode.c.objc; path = IVYImageFiltersTests.m; sourceTree = "<group>"; };
/* End PBXFileReference section */

/* Begin PBXFrameworksBuildPhase section */
		0A4DA1EA1918B641005ED89E /* Frameworks */ = {
			isa = PBXFrameworksBuildPhase;
			buildActionMask = 2147483647;
			files = (
				0A4DA1F31918B641005ED89E /* CoreGraphics.framework in Frameworks */,
				0A4DA1F51918B641005ED89E /* UIKit.framework in Frameworks */,
				0A4DA1F11918B641005ED89E /* Foundation.framework in Frameworks */,
			);
			runOnlyForDeploymentPostprocessing = 0;
		};
		0A4DA2051918B641005ED89E /* Frameworks */ = {
			isa = PBXFrameworksBuildPhase;
			buildActionMask = 2147483647;
			files = (
				0A4DA20A1918B641005ED89E /* XCTest.framework in Frameworks */,
				0A4DA20C1918B641005ED89E /* UIKit.framework in Frameworks */,
				0A4DA20B1918B641005ED89E /* Foundation.framework in Frameworks */,
			);
			runOnlyForDeploymentPostprocessing = 0;
		};
/* End PBXFrameworksBuildPhase section */

/* Begin PBXGroup section */
		0A4DA1E41918B641005ED89E = {
			isa = PBXGroup;
			children = (
				0A4DA1F61918B641005ED89E /* IVYImageFilters */,
				0A4DA20F1918B641005ED89E /* IVYImageFiltersTests */,
				0A4DA1EF1918B641005ED89E /* Frameworks */,
				0A4DA1EE1918B641005ED89E /* Products */,
			);
			sourceTree = "<group>";
		};
		0A4DA1EE1918B641005ED89E /* Products */ = {
			isa = PBXGroup;
			children = (
				0A4DA1ED1918B641005ED89E /* IVYImageFilters.app */,
				0A4DA2081918B641005ED89E /* IVYImageFiltersTests.xctest */,
			);
			name = Products;
			sourceTree = "<group>";
		};
		0A4DA1EF1918B641005ED89E /* Frameworks */ = {
			isa = PBXGroup;
			children = (
				0A4DA1F01918B641005ED89E /* Foundation.framework */,
				0A4DA1F21918B641005ED89E /* CoreGraphics.framework */,
				0A4DA1F41918B641005ED89E /* UIKit.framework */,
				0A4DA2091918B641005ED89E /* XCTest.framework */,
			);
			name = Frameworks;
			sourceTree = "<group>";
		};
		0A4DA1F61918B641005ED89E /* IVYImageFilters */ = {
			isa = PBXGroup;
			children = (
				0A4DA1FF1918B641005ED89E /* IVYAppDelegate.h */,
				0A4DA2001918B641005ED89E /* IVYAppDelegate.m */,
				0A4DA2021918B641005ED89E /* Images.xcassets */,
				0A4DA1F71918B641005ED89E /* Supporting Files */,
			);
			path = IVYImageFilters;
			sourceTree = "<group>";
		};
		0A4DA1F71918B641005ED89E /* Supporting Files */ = {
			isa = PBXGroup;
			children = (
				0A4DA1F81918B641005ED89E /* IVYImageFilters-Info.plist */,
				0A4DA1F91918B641005ED89E /* InfoPlist.strings */,
				0A4DA1FC1918B641005ED89E /* main.m */,
				0A4DA1FE1918B641005ED89E /* IVYImageFilters-Prefix.pch */,
			);
			name = "Supporting Files";
			sourceTree = "<group>";
		};
		0A4DA20F1918B641005ED89E /* IVYImageFiltersTests */ = {
			isa = PBXGroup;
			children = (
				0A4DA2151918B641005ED89E /* IVYImageFiltersTests.m */,
				0A4DA2101918B641005ED89E /* Supporting Files */,
			);
			path = IVYImageFiltersTests;
			sourceTree = "<group>";
		};
		0A4DA2101918B641005ED89E /* Supporting Files */ = {
			isa = PBXGroup;
			children = (
				0A4DA2111918B641005ED89E /* IVYImageFiltersTests-Info.plist */,
				0A4DA2121918B641005ED89E /* InfoPlist.strings */,
			);
			name = "Supporting Files";
			sourceTree = "<group>";
		};
/* End PBXGroup section */

/* Begin PBXNativeTarget section */
		0A4DA1EC1918B641005ED89E /* IVYImageFilters */ = {
			isa = PBXNativeTarget;
			buildConfigurationList = 0A4DA2191918B641005ED89E /* Build configuration list for PBXNativeTarget "IVYImageFilters" */;
			buildPhases = (
				0A4DA1E91918B641005ED89E /* Sources */,
				0A4DA1EA1918B641005ED89E /* Frameworks */,
				0A4DA1EB1918B641005ED89E /* Resources */,
			);
			buildRules = (
			);
			dependencies = (
			);
			name = IVYImageFilters;
			productName = IVYImageFilters;
			productReference = 0A4DA1ED1918B641005ED89E /* IVYImageFilters.app */;
			productType = "com.apple.product-type.application";
		};
		0A4DA2071918B641005ED89E /* IVYImageFiltersTests */ = {
			isa = PBXNativeTarget;
			buildConfigurationList = 0A4DA21C1918B641005ED89E /* Build configuration list for PBXNativeTarget "IVYImageFiltersTests" */;
			buildPhases = (
				0A4DA2041918B641005ED89E /* Sources */,
				0A4DA2051918B641005ED89E /* Frameworks */,
				0A4DA2061918B641005ED89E /* Resources */,
			);
			buildRules = (
			);
			dependencies = (
				0A4DA20E1918B641005ED89E /* PBXTargetDependency */,
			);
			name = IVYImageFiltersTests;
			productName = IVYImageFiltersTests;
			productReference = 0A4DA2081918B641005ED89E /* IVYImageFiltersTests.xctest */;
			productType = "com.apple.product-type.bundle.unit-test";
		};
/* End PBXNativeTarget section */

/* Begin PBXProject section */
		0A4DA1E51918B641005ED89E /* Project object */ = {
			isa = PBXProject;
			attributes = {
				CLASSPREFIX = IVY;
				LastUpgradeCheck = 0510;
				ORGANIZATIONNAME = IVORY;
				TargetAttributes = {
					0A4DA2071918B641005ED89E = {
						TestTargetID = 0A4DA1EC1918B641005ED89E;
					};
				};
			};
			buildConfigurationList = 0A4DA1E81918B641005ED89E /* Build configuration list for PBXProject "IVYImageFilters" */;
			compatibilityVersion = "Xcode 3.2";
			developmentRegion = English;
			hasScannedForEncodings = 0;
			knownRegions = (
				en,
			);
			mainGroup = 0A4DA1E41918B641005ED89E;
			productRefGroup = 0A4DA1EE1918B641005ED89E /* Products */;
			projectDirPath = "";
			projectRoot = "";
			targets = (
				0A4DA1EC1918B641005ED89E /* IVYImageFilters */,
				0A4DA2071918B641005ED89E /* IVYImageFiltersTests */,
			);
		};
/* End PBXProject section */

/* Begin PBXResourcesBuildPhase section */
		0A4DA1EB1918B641005ED89E /* Resources */ = {
			isa = PBXResourcesBuildPhase;
			buildActionMask = 2147483647;
			files = (
				0A4DA1FB1918B641005ED89E /* InfoPlist.strings in Resources */,
				0A4DA2031918B641005ED89E /* Images.xcassets in Resources */,
			);
			runOnlyForDeploymentPostprocessing = 0;
		};
		0A4DA2061918B641005ED89E /* Resources */ = {
			isa = PBXResourcesBuildPhase;
			buildActionMask = 2147483647;
			files = (
				0A4DA2141918B641005ED89E /* InfoPlist.strings in Resources */,
			);
			runOnlyForDeploymentPostprocessing = 0;
		};
/* End PBXResourcesBuildPhase section */

/* Begin PBXSourcesBuildPhase section */
		0A4DA1E91918B641005ED89E /* Sources */ = {
			isa = PBXSourcesBuildPhase;
			buildActionMask = 2147483647;
			files = (
				0A4DA1FD1918B641005ED89E /* main.m in Sources */,
				0A4DA2011918B641005ED89E /* IVYAppDelegate.m in Sources */,
			);
			runOnlyForDeploymentPostprocessing = 0;
		};
		0A4DA2041918B641005ED89E /* Sources */ = {
			isa = PBXSourcesBuildPhase;
			buildActionMask = 2147483647;
			files = (
				0A4DA2161918B641005ED89E /* IVYImageFiltersTests.m in Sources */,
			);
			runOnlyForDeploymentPostprocessing = 0;
		};
/* End PBXSourcesBuildPhase section */

/* Begin PBXTargetDependency section */
		0A4DA20E1918B641005ED89E /* PBXTargetDependency */ = {
			isa = PBXTargetDependency;
			target = 0A4DA1EC1918B641005ED89E /* IVYImageFilters */;
			targetProxy = 0A4DA20D1918B641005ED89E /* PBXContainerItemProxy */;
		};
/* End PBXTargetDependency section */

/* Begin PBXVariantGroup section */
		0A4DA1F91918B641005ED89E /* InfoPlist.strings */ = {
			isa = PBXVariantGroup;
			children = (
				0A4DA1FA1918B641005ED89E /* en */,
			);
			name = InfoPlist.strings;
			sourceTree = "<group>";
		};
		0A4DA2121918B641005ED89E /* InfoPlist.strings */ = {
			isa = PBXVariantGroup;
			children = (
				0A4DA2131918B641005ED89E /* en */,
			);
			name = InfoPlist.strings;
			sourceTree = "<group>";
		};
/* End PBXVariantGroup section */

/* Begin XCBuildConfiguration section */
		0A4DA2171918B641005ED89E /* Debug */ = {
			isa = XCBuildConfiguration;
			buildSettings = {
				ALWAYS_SEARCH_USER_PATHS = NO;
				CLANG_CXX_LANGUAGE_STANDARD = "gnu++0x";
				CLANG_CXX_LIBRARY = "libc++";
				CLANG_ENABLE_MODULES = YES;
				CLANG_ENABLE_OBJC_ARC = YES;
				CLANG_WARN_BOOL_CONVERSION = YES;
				CLANG_WARN_CONSTANT_CONVERSION = YES;
				CLANG_WARN_DIRECT_OBJC_ISA_USAGE = YES_ERROR;
				CLANG_WARN_EMPTY_BODY = YES;
				CLANG_WARN_ENUM_CONVERSION = YES;
				CLANG_WARN_INT_CONVERSION = YES;
				CLANG_WARN_OBJC_ROOT_CLASS = YES_ERROR;
				CLANG_WARN__DUPLICATE_METHOD_MATCH = YES;
				"CODE_SIGN_IDENTITY[sdk=iphoneos*]" = "iPhone Developer";
				COPY_PHASE_STRIP = NO;
				GCC_C_LANGUAGE_STANDARD = gnu99;
				GCC_DYNAMIC_NO_PIC = NO;
				GCC_OPTIMIZATION_LEVEL = 0;
				GCC_PREPROCESSOR_DEFINITIONS = (
					"DEBUG=1",
					"$(inherited)",
				);
				GCC_SYMBOLS_PRIVATE_EXTERN = NO;
				GCC_WARN_64_TO_32_BIT_CONVERSION = YES;
				GCC_WARN_ABOUT_RETURN_TYPE = YES_ERROR;
				GCC_WARN_UNDECLARED_SELECTOR = YES;
				GCC_WARN_UNINITIALIZED_AUTOS = YES_AGGRESSIVE;
				GCC_WARN_UNUSED_FUNCTION = YES;
				GCC_WARN_UNUSED_VARIABLE = YES;
				IPHONEOS_DEPLOYMENT_TARGET = 7.1;
				ONLY_ACTIVE_ARCH = YES;
				SDKROOT = iphoneos;
				TARGETED_DEVICE_FAMILY = "1,2";
			};
			name = Debug;
		};
		0A4DA2181918B641005ED89E /* Release */ = {
			isa = XCBuildConfiguration;
			buildSettings = {
				ALWAYS_SEARCH_USER_PATHS = NO;
				CLANG_CXX_LANGUAGE_STANDARD = "gnu++0x";
				CLANG_CXX_LIBRARY = "libc++";
				CLANG_ENABLE_MODULES = YES;
				CLANG_ENABLE_OBJC_ARC = YES;
				CLANG_WARN_BOOL_CONVERSION = YES;
				CLANG_WARN_CONSTANT_CONVERSION = YES;
				CLANG_WARN_DIRECT_OBJC_ISA_USAGE = YES_ERROR;
				CLANG_WARN_EMPTY_BODY = YES;
				CLANG_WARN_ENUM_CONVERSION = YES;
				CLANG_WARN_INT_CONVERSION = YES;
				CLANG_WARN_OBJC_ROOT_CLASS = YES_ERROR;
				CLANG_WARN__DUPLICATE_METHOD_MATCH = YES;
				"CODE_SIGN_IDENTITY[sdk=iphoneos*]" = "iPhone Developer";
				COPY_PHASE_STRIP = YES;
				ENABLE_NS_ASSERTIONS = NO;
				GCC_C_LANGUAGE_STANDARD = gnu99;
				GCC_WARN_64_TO_32_BIT_CONVERSION = YES;
				GCC_WARN_ABOUT_RETURN_TYPE = YES_ERROR;
				GCC_WARN_UNDECLARED_SELECTOR = YES;
				GCC_WARN_UNINITIALIZED_AUTOS = YES_AGGRESSIVE;
				GCC_WARN_UNUSED_FUNCTION = YES;
				GCC_WARN_UNUSED_VARIABLE = YES;
				IPHONEOS_DEPLOYMENT_TARGET = 7.1;
				SDKROOT = iphoneos;
				TARGETED_DEVICE_FAMILY = "1,2";
				VALIDATE_PRODUCT = YES;
			};
			name = Release;
		};
		0A4DA21A1918B641005ED89E /* Debug */ = {
			isa = XCBuildConfiguration;
			buildSettings = {
				ASSETCATALOG_COMPILER_APPICON_NAME = AppIcon;
				ASSETCATALOG_COMPILER_LAUNCHIMAGE_NAME = LaunchImage;
				GCC_PRECOMPILE_PREFIX_HEADER = YES;
				GCC_PREFIX_HEADER = "IVYImageFilters/IVYImageFilters-Prefix.pch";
				INFOPLIST_FILE = "IVYImageFilters/IVYImageFilters-Info.plist";
				PRODUCT_NAME = "$(TARGET_NAME)";
				WRAPPER_EXTENSION = app;
			};
			name = Debug;
		};
		0A4DA21B1918B641005ED89E /* Release */ = {
			isa = XCBuildConfiguration;
			buildSettings = {
				ASSETCATALOG_COMPILER_APPICON_NAME = AppIcon;
				ASSETCATALOG_COMPILER_LAUNCHIMAGE_NAME = LaunchImage;
				GCC_PRECOMPILE_PREFIX_HEADER = YES;
				GCC_PREFIX_HEADER = "IVYImageFilters/IVYImageFilters-Prefix.pch";
				INFOPLIST_FILE = "IVYImageFilters/IVYImageFilters-Info.plist";
				PRODUCT_NAME = "$(TARGET_NAME)";
				WRAPPER_EXTENSION = app;
			};
			name = Release;
		};
		0A4DA21D1918B641005ED89E /* Debug */ = {
			isa = XCBuildConfiguration;
			buildSettings = {
				BUNDLE_LOADER = "$(BUILT_PRODUCTS_DIR)/IVYImageFilters.app/IVYImageFilters";
				FRAMEWORK_SEARCH_PATHS = (
					"$(SDKROOT)/Developer/Library/Frameworks",
					"$(inherited)",
					"$(DEVELOPER_FRAMEWORKS_DIR)",
				);
				GCC_PRECOMPILE_PREFIX_HEADER = YES;
				GCC_PREFIX_HEADER = "IVYImageFilters/IVYImageFilters-Prefix.pch";
				GCC_PREPROCESSOR_DEFINITIONS = (
					"DEBUG=1",
					"$(inherited)",
				);
				INFOPLIST_FILE = "IVYImageFiltersTests/IVYImageFiltersTests-Info.plist";
				PRODUCT_NAME = "$(TARGET_NAME)";
				TEST_HOST = "$(BUNDLE_LOADER)";
				WRAPPER_EXTENSION = xctest;
			};
			name = Debug;
		};
		0A4DA21E1918B641005ED89E /* Release */ = {
			isa = XCBuildConfiguration;
			buildSettings = {
				BUNDLE_LOADER = "$(BUILT_PRODUCTS_DIR)/IVYImageFilters.app/IVYImageFilters";
				FRAMEWORK_SEARCH_PATHS = (
					"$(SDKROOT)/Developer/Library/Frameworks",
					"$(inherited)",
					"$(DEVELOPER_FRAMEWORKS_DIR)",
				);
				GCC_PRECOMPILE_PREFIX_HEADER = YES;
				GCC_PREFIX_HEADER = "IVYImageFilters/IVYImageFilters-Prefix.pch";
				INFOPLIST_FILE = "IVYImageFiltersTests/IVYImageFiltersTests-Info.plist";
				PRODUCT_NAME = "$(TARGET_NAME)";
				TEST_HOST = "$(BUNDLE_LOADER)";
				WRAPPER_EXTENSION = xctest;
			};
			name = Release;
		};
/* End XCBuildConfiguration section */

/* Begin XCConfigurationList section */
		0A4DA1E81918B641005ED89E /* Build configuration list for PBXProject "IVYImageFilters" */ = {
			isa = XCConfigurationList;
			buildConfigurations = (
				0A4DA2171918B641005ED89E /* Debug */,
				0A4DA2181918B641005ED89E /* Release */,
			);
			defaultConfigurationIsVisible = 0;
			defaultConfigurationName = Release;
		};
		0A4DA2191918B641005ED89E /* Build configuration list for PBXNativeTarget "IVYImageFilters" */ = {
			isa = XCConfigurationList;
			buildConfigurations = (
				0A4DA21A1918B641005ED89E /* Debug */,
				0A4DA21B1918B641005ED89E /* Release */,
			);
			defaultConfigurationIsVisible = 0;
		};
		0A4DA21C1918B641005ED89E /* Build configuration list for PBXNativeTarget "IVYImageFiltersTests" */ = {
			isa = XCConfigurationList;
			buildConfigurations = (
				0A4DA21D1918B641005ED89E /* Debug */,
				0A4DA21E1918B641005ED89E /* Release */,
			);
			defaultConfigurationIsVisible = 0;
		};
/* End XCConfigurationList section */
	};
	rootObject = 0A4DA1E51918B641005ED89E /* Project object */;
}
